
Microsoft Visual Studio Solution File, Format Version 12.00
# Visual Studio Version 17
VisualStudioVersion = 17.5.33414.496
MinimumVisualStudioVersion = 10.0.40219.1
Project("{FAE04EC0-301F-11D3-BF4B-00C04F79EFBC}") = "Video_2_a_8", "Video_2_a_8.csproj", "{1146C7FA-6FA3-4831-B286-CDC37B0427D0}"
EndProject
Global
	GlobalSection(SolutionConfigurationPlatforms) = preSolution
		Debug|Any CPU = Debug|Any CPU
		Release|Any CPU = Release|Any CPU
	EndGlobalSection
	GlobalSection(ProjectConfigurationPlatforms) = postSolution
		{1146C7FA-6FA3-4831-B286-CDC37B0427D0}.Debug|Any CPU.ActiveCfg = Debug|Any CPU
		{1146C7FA-6FA3-4831-B286-CDC37B0427D0}.Debug|Any CPU.Build.0 = Debug|Any CPU
		{1146C7FA-6FA3-4831-B286-CDC37B0427D0}.Release|Any CPU.ActiveCfg = Release|Any CPU
		{1146C7FA-6FA3-4831-B286-CDC37B0427D0}.Release|Any CPU.Build.0 = Release|Any CPU
	EndGlobalSection
	GlobalSection(SolutionProperties) = preSolution
		HideSolutionNode = FALSE
	EndGlobalSection
	GlobalSection(ExtensibilityGlobals) = postSolution
		SolutionGuid = {63F7432A-7345-4ED5-BB9D-8DF3C0A740A1}
	EndGlobalSection
EndGlobal
